
Microsoft Visual Studio Solution File, Format Version 12.00
# Visual Studio Version 17
VisualStudioVersion = 17.5.33530.505
MinimumVisualStudioVersion = 10.0.40219.1
Project("{FAE04EC0-301F-11D3-BF4B-00C04F79EFBC}") = "SetByIndex", "SetByIndex\SetByIndex.csproj", "{76179B92-6411-470C-8E9A-E7779C7C1A9B}"
EndProject
Project("{FAE04EC0-301F-11D3-BF4B-00C04F79EFBC}") = "Utilities", "..\..\PrivateRevitAPI\Utilities\Utilities\Utilities.csproj", "{396DABC9-0EA8-4EF8-A7C1-106B13AF0C16}"
EndProject
Global
	GlobalSection(SolutionConfigurationPlatforms) = preSolution
		Debug|Any CPU = Debug|Any CPU
		Release|Any CPU = Release|Any CPU
	EndGlobalSection
	GlobalSection(ProjectConfigurationPlatforms) = postSolution
		{76179B92-6411-470C-8E9A-E7779C7C1A9B}.Debug|Any CPU.ActiveCfg = Debug|Any CPU
		{76179B92-6411-470C-8E9A-E7779C7C1A9B}.Debug|Any CPU.Build.0 = Debug|Any CPU
		{76179B92-6411-470C-8E9A-E7779C7C1A9B}.Release|Any CPU.ActiveCfg = Release|Any CPU
		{76179B92-6411-470C-8E9A-E7779C7C1A9B}.Release|Any CPU.Build.0 = Release|Any CPU
		{396DABC9-0EA8-4EF8-A7C1-106B13AF0C16}.Debug|Any CPU.ActiveCfg = Debug|Any CPU
		{396DABC9-0EA8-4EF8-A7C1-106B13AF0C16}.Debug|Any CPU.Build.0 = Debug|Any CPU
		{396DABC9-0EA8-4EF8-A7C1-106B13AF0C16}.Release|Any CPU.ActiveCfg = Release|Any CPU
		{396DABC9-0EA8-4EF8-A7C1-106B13AF0C16}.Release|Any CPU.Build.0 = Release|Any CPU
	EndGlobalSection
	GlobalSection(SolutionProperties) = preSolution
		HideSolutionNode = FALSE
	EndGlobalSection
	GlobalSection(ExtensibilityGlobals) = postSolution
		SolutionGuid = {3B58020C-F4BC-4C63-9C37-B24F3F9D92C7}
	EndGlobalSection
EndGlobal
